
Microsoft Visual Studio Solution File, Format Version 12.00
# Visual Studio Version 16
VisualStudioVersion = 16.0.31605.320
MinimumVisualStudioVersion = 10.0.40219.1
Project("{2150E333-8FDC-42A3-9474-1A3956D46DE8}") = "01. Clients", "01. Clients", "{A9AF7A16-04E4-46F6-9A9A-A5D647D66C5B}"
EndProject
Project("{2150E333-8FDC-42A3-9474-1A3956D46DE8}") = "02. Api.Gateways", "02. Api.Gateways", "{97781D6D-56EE-46E1-A17B-9B4AB11CFD14}"
EndProject
Project("{2150E333-8FDC-42A3-9474-1A3956D46DE8}") = "03. Services", "03. Services", "{8ABA6286-D9A6-4DB3-B1C4-0FD96AAC1510}"
EndProject
Project("{2150E333-8FDC-42A3-9474-1A3956D46DE8}") = "04. Common", "04. Common", "{C8B45882-9BAA-4A1D-B6DF-2B6324896D7C}"
EndProject
Project("{2150E333-8FDC-42A3-9474-1A3956D46DE8}") = "01. Identity", "01. Identity", "{474E10CC-F97C-49E7-A872-499DB4DA9B5D}"
EndProject
Project("{2150E333-8FDC-42A3-9474-1A3956D46DE8}") = "02. Catalog", "02. Catalog", "{7F504F0B-B218-423B-8C01-E265FBAE7206}"
EndProject
Project("{2150E333-8FDC-42A3-9474-1A3956D46DE8}") = "03. Purchase", "03. Purchase", "{B50CB3B1-D362-4740-A68E-03F17066BF52}"
EndProject
Project("{2150E333-8FDC-42A3-9474-1A3956D46DE8}") = "01. API", "01. API", "{09213FE3-E2FB-4C02-8CC4-F98D709C1B59}"
EndProject
Project("{FAE04EC0-301F-11D3-BF4B-00C04F79EFBC}") = "Identity.Api", "services\Identity\Identity.Api\Identity.Api.csproj", "{C69A7AD5-D261-44A4-A5D0-00C9A5C59747}"
EndProject
Project("{2150E333-8FDC-42A3-9474-1A3956D46DE8}") = "02. Services", "02. Services", "{B8C77FEC-A277-4F3A-821A-650AABBC0794}"
EndProject
Project("{FAE04EC0-301F-11D3-BF4B-00C04F79EFBC}") = "Identity.Service", "services\Identity\Identity.Service\Identity.Service.csproj", "{C76FECF5-ADD6-4D74-B0BB-A1F48111D7DE}"
EndProject
Project("{2150E333-8FDC-42A3-9474-1A3956D46DE8}") = "03. Models", "03. Models", "{C3A88344-866D-4650-850C-694536502340}"
EndProject
Project("{FAE04EC0-301F-11D3-BF4B-00C04F79EFBC}") = "Identity.Domain", "services\Identity\Identity.Domain\Identity.Domain.csproj", "{C3C335E4-8C10-4B42-B0B1-340AF6F9B750}"
EndProject
Global
	GlobalSection(SolutionConfigurationPlatforms) = preSolution
		Debug|Any CPU = Debug|Any CPU
		Release|Any CPU = Release|Any CPU
	EndGlobalSection
	GlobalSection(ProjectConfigurationPlatforms) = postSolution
		{C69A7AD5-D261-44A4-A5D0-00C9A5C59747}.Debug|Any CPU.ActiveCfg = Debug|Any CPU
		{C69A7AD5-D261-44A4-A5D0-00C9A5C59747}.Debug|Any CPU.Build.0 = Debug|Any CPU
		{C69A7AD5-D261-44A4-A5D0-00C9A5C59747}.Release|Any CPU.ActiveCfg = Release|Any CPU
		{C69A7AD5-D261-44A4-A5D0-00C9A5C59747}.Release|Any CPU.Build.0 = Release|Any CPU
		{C76FECF5-ADD6-4D74-B0BB-A1F48111D7DE}.Debug|Any CPU.ActiveCfg = Debug|Any CPU
		{C76FECF5-ADD6-4D74-B0BB-A1F48111D7DE}.Debug|Any CPU.Build.0 = Debug|Any CPU
		{C76FECF5-ADD6-4D74-B0BB-A1F48111D7DE}.Release|Any CPU.ActiveCfg = Release|Any CPU
		{C76FECF5-ADD6-4D74-B0BB-A1F48111D7DE}.Release|Any CPU.Build.0 = Release|Any CPU
		{C3C335E4-8C10-4B42-B0B1-340AF6F9B750}.Debug|Any CPU.ActiveCfg = Debug|Any CPU
		{C3C335E4-8C10-4B42-B0B1-340AF6F9B750}.Debug|Any CPU.Build.0 = Debug|Any CPU
		{C3C335E4-8C10-4B42-B0B1-340AF6F9B750}.Release|Any CPU.ActiveCfg = Release|Any CPU
		{C3C335E4-8C10-4B42-B0B1-340AF6F9B750}.Release|Any CPU.Build.0 = Release|Any CPU
	EndGlobalSection
	GlobalSection(SolutionProperties) = preSolution
		HideSolutionNode = FALSE
	EndGlobalSection
	GlobalSection(NestedProjects) = preSolution
		{474E10CC-F97C-49E7-A872-499DB4DA9B5D} = {8ABA6286-D9A6-4DB3-B1C4-0FD96AAC1510}
		{7F504F0B-B218-423B-8C01-E265FBAE7206} = {8ABA6286-D9A6-4DB3-B1C4-0FD96AAC1510}
		{B50CB3B1-D362-4740-A68E-03F17066BF52} = {8ABA6286-D9A6-4DB3-B1C4-0FD96AAC1510}
		{09213FE3-E2FB-4C02-8CC4-F98D709C1B59} = {474E10CC-F97C-49E7-A872-499DB4DA9B5D}
		{C69A7AD5-D261-44A4-A5D0-00C9A5C59747} = {09213FE3-E2FB-4C02-8CC4-F98D709C1B59}
		{B8C77FEC-A277-4F3A-821A-650AABBC0794} = {474E10CC-F97C-49E7-A872-499DB4DA9B5D}
		{C76FECF5-ADD6-4D74-B0BB-A1F48111D7DE} = {B8C77FEC-A277-4F3A-821A-650AABBC0794}
		{C3A88344-866D-4650-850C-694536502340} = {474E10CC-F97C-49E7-A872-499DB4DA9B5D}
		{C3C335E4-8C10-4B42-B0B1-340AF6F9B750} = {C3A88344-866D-4650-850C-694536502340}
	EndGlobalSection
	GlobalSection(ExtensibilityGlobals) = postSolution
		SolutionGuid = {ED02B3D8-499C-40C9-AB44-81ECB373F079}
	EndGlobalSection
EndGlobal
