
Microsoft Visual Studio Solution File, Format Version 12.00
# Visual Studio Version 16
VisualStudioVersion = 16.0.31605.320
MinimumVisualStudioVersion = 10.0.40219.1
Project("{2150E333-8FDC-42A3-9474-1A3956D46DE8}") = "01. Clients", "01. Clients", "{A9AF7A16-04E4-46F6-9A9A-A5D647D66C5B}"
EndProject
Project("{2150E333-8FDC-42A3-9474-1A3956D46DE8}") = "02. Api.Gateways", "02. Api.Gateways", "{97781D6D-56EE-46E1-A17B-9B4AB11CFD14}"
EndProject
Project("{2150E333-8FDC-42A3-9474-1A3956D46DE8}") = "03. Services", "03. Services", "{8ABA6286-D9A6-4DB3-B1C4-0FD96AAC1510}"
EndProject
Project("{2150E333-8FDC-42A3-9474-1A3956D46DE8}") = "04. Common", "04. Common", "{C8B45882-9BAA-4A1D-B6DF-2B6324896D7C}"
EndProject
Project("{2150E333-8FDC-42A3-9474-1A3956D46DE8}") = "01. Identity", "01. Identity", "{474E10CC-F97C-49E7-A872-499DB4DA9B5D}"
EndProject
Project("{2150E333-8FDC-42A3-9474-1A3956D46DE8}") = "02. Catalog", "02. Catalog", "{7F504F0B-B218-423B-8C01-E265FBAE7206}"
EndProject
Project("{2150E333-8FDC-42A3-9474-1A3956D46DE8}") = "03. Purchase", "03. Purchase", "{B50CB3B1-D362-4740-A68E-03F17066BF52}"
EndProject
Project("{2150E333-8FDC-42A3-9474-1A3956D46DE8}") = "01. API", "01. API", "{09213FE3-E2FB-4C02-8CC4-F98D709C1B59}"
EndProject
Project("{FAE04EC0-301F-11D3-BF4B-00C04F79EFBC}") = "Identity.Api", "services\Identity\Identity.Api\Identity.Api.csproj", "{C69A7AD5-D261-44A4-A5D0-00C9A5C59747}"
EndProject
Project("{2150E333-8FDC-42A3-9474-1A3956D46DE8}") = "02. Services", "02. Services", "{B8C77FEC-A277-4F3A-821A-650AABBC0794}"
EndProject
Project("{FAE04EC0-301F-11D3-BF4B-00C04F79EFBC}") = "Identity.Service", "services\Identity\Identity.Service\Identity.Service.csproj", "{C76FECF5-ADD6-4D74-B0BB-A1F48111D7DE}"
EndProject
Project("{2150E333-8FDC-42A3-9474-1A3956D46DE8}") = "03. Models", "03. Models", "{C3A88344-866D-4650-850C-694536502340}"
EndProject
Project("{FAE04EC0-301F-11D3-BF4B-00C04F79EFBC}") = "Identity.Domain", "services\Identity\Identity.Domain\Identity.Domain.csproj", "{C3C335E4-8C10-4B42-B0B1-340AF6F9B750}"
EndProject
Project("{2150E333-8FDC-42A3-9474-1A3956D46DE8}") = "01. API", "01. API", "{496B166C-BADA-4459-921A-CFDFD7F27891}"
EndProject
Project("{2150E333-8FDC-42A3-9474-1A3956D46DE8}") = "02. Services", "02. Services", "{CACB1C9D-A69C-420D-A619-9F118162D577}"
EndProject
Project("{2150E333-8FDC-42A3-9474-1A3956D46DE8}") = "03. Models", "03. Models", "{9F4EC9AF-5A3E-4ECF-BCEA-3D081685C51A}"
EndProject
Project("{2150E333-8FDC-42A3-9474-1A3956D46DE8}") = "04. Common", "04. Common", "{F25D0257-0F2A-4957-B3DE-D1BCF6CE842C}"
EndProject
Project("{2150E333-8FDC-42A3-9474-1A3956D46DE8}") = "05. Testing", "05. Testing", "{5A484625-F54E-46BD-93AB-A5173B78EC08}"
EndProject
Project("{FAE04EC0-301F-11D3-BF4B-00C04F79EFBC}") = "Identity.Tests", "services\Identity\Identity.Tests\Identity.Tests.csproj", "{64EA7CFF-B5DD-4404-ACF7-76BD678653E8}"
EndProject
Project("{FAE04EC0-301F-11D3-BF4B-00C04F79EFBC}") = "Catalog.Api", "services\Catalog\Catalog.Api\Catalog.Api.csproj", "{16A722CF-8F36-4AAC-BE52-B4552BE77496}"
EndProject
Project("{FAE04EC0-301F-11D3-BF4B-00C04F79EFBC}") = "Catalog.Service", "services\Catalog\Catalog.Service\Catalog.Service.csproj", "{09368BCB-65F8-4C5B-8A57-DF896BC02FCB}"
EndProject
Project("{FAE04EC0-301F-11D3-BF4B-00C04F79EFBC}") = "Catalog.Domain", "services\Catalog\Catalog.Domain\Catalog.Domain.csproj", "{FCFE58C8-8203-4D83-9221-2F4774D272C8}"
EndProject
Project("{2150E333-8FDC-42A3-9474-1A3956D46DE8}") = "00. Additional Files", "00. Additional Files", "{7D74AA57-8CBE-4D0F-A04A-9263663113B9}"
	ProjectSection(SolutionItems) = preProject
		Untitled Diagram.drawio = Untitled Diagram.drawio
	EndProjectSection
EndProject
Project("{2150E333-8FDC-42A3-9474-1A3956D46DE8}") = "01. API", "01. API", "{E7C28ED2-9025-4C59-AB3B-1313CC3E3E5C}"
EndProject
Project("{2150E333-8FDC-42A3-9474-1A3956D46DE8}") = "02. Services", "02. Services", "{47F2213E-BAA0-4DDA-A6C3-35C082246362}"
EndProject
Project("{2150E333-8FDC-42A3-9474-1A3956D46DE8}") = "03.  Models", "03.  Models", "{C04A3D54-6D0F-45AF-99A9-C53942FACE24}"
EndProject
Project("{2150E333-8FDC-42A3-9474-1A3956D46DE8}") = "04. Common", "04. Common", "{7D7E8FFA-0989-42C9-8634-B28DF7145A4C}"
EndProject
Project("{2150E333-8FDC-42A3-9474-1A3956D46DE8}") = "05. Testing", "05. Testing", "{EB6D3118-A463-4BCE-8916-C5B0BCCD048C}"
EndProject
Project("{FAE04EC0-301F-11D3-BF4B-00C04F79EFBC}") = "Purchase.Api", "services\Purchase\Purchase.Api\Purchase.Api.csproj", "{85F9892D-2BB1-4118-8F6B-91711EE4B5EC}"
EndProject
Project("{FAE04EC0-301F-11D3-BF4B-00C04F79EFBC}") = "Purchase.Services", "services\Purchase\Purchase.Services\Purchase.Services.csproj", "{7D1B3F32-EC02-4C85-8BAF-192B65A19160}"
EndProject
Project("{FAE04EC0-301F-11D3-BF4B-00C04F79EFBC}") = "Purchase.Domain", "services\Purchase\Purchase.Domain\Purchase.Domain.csproj", "{03936B33-88C5-4BEA-99EE-FAD2553B4B27}"
EndProject
Project("{2150E333-8FDC-42A3-9474-1A3956D46DE8}") = "04. Common", "04. Common", "{A80E3F1A-DE07-40C5-9967-F22CDE0FE264}"
EndProject
Project("{2150E333-8FDC-42A3-9474-1A3956D46DE8}") = "05. Testing", "05. Testing", "{72B4D8BF-0704-4771-BF63-9CA630FA22C5}"
EndProject
Global
	GlobalSection(SolutionConfigurationPlatforms) = preSolution
		Debug|Any CPU = Debug|Any CPU
		Release|Any CPU = Release|Any CPU
	EndGlobalSection
	GlobalSection(ProjectConfigurationPlatforms) = postSolution
		{C69A7AD5-D261-44A4-A5D0-00C9A5C59747}.Debug|Any CPU.ActiveCfg = Debug|Any CPU
		{C69A7AD5-D261-44A4-A5D0-00C9A5C59747}.Debug|Any CPU.Build.0 = Debug|Any CPU
		{C69A7AD5-D261-44A4-A5D0-00C9A5C59747}.Release|Any CPU.ActiveCfg = Release|Any CPU
		{C69A7AD5-D261-44A4-A5D0-00C9A5C59747}.Release|Any CPU.Build.0 = Release|Any CPU
		{C76FECF5-ADD6-4D74-B0BB-A1F48111D7DE}.Debug|Any CPU.ActiveCfg = Debug|Any CPU
		{C76FECF5-ADD6-4D74-B0BB-A1F48111D7DE}.Debug|Any CPU.Build.0 = Debug|Any CPU
		{C76FECF5-ADD6-4D74-B0BB-A1F48111D7DE}.Release|Any CPU.ActiveCfg = Release|Any CPU
		{C76FECF5-ADD6-4D74-B0BB-A1F48111D7DE}.Release|Any CPU.Build.0 = Release|Any CPU
		{C3C335E4-8C10-4B42-B0B1-340AF6F9B750}.Debug|Any CPU.ActiveCfg = Debug|Any CPU
		{C3C335E4-8C10-4B42-B0B1-340AF6F9B750}.Debug|Any CPU.Build.0 = Debug|Any CPU
		{C3C335E4-8C10-4B42-B0B1-340AF6F9B750}.Release|Any CPU.ActiveCfg = Release|Any CPU
		{C3C335E4-8C10-4B42-B0B1-340AF6F9B750}.Release|Any CPU.Build.0 = Release|Any CPU
		{64EA7CFF-B5DD-4404-ACF7-76BD678653E8}.Debug|Any CPU.ActiveCfg = Debug|Any CPU
		{64EA7CFF-B5DD-4404-ACF7-76BD678653E8}.Debug|Any CPU.Build.0 = Debug|Any CPU
		{64EA7CFF-B5DD-4404-ACF7-76BD678653E8}.Release|Any CPU.ActiveCfg = Release|Any CPU
		{64EA7CFF-B5DD-4404-ACF7-76BD678653E8}.Release|Any CPU.Build.0 = Release|Any CPU
		{16A722CF-8F36-4AAC-BE52-B4552BE77496}.Debug|Any CPU.ActiveCfg = Debug|Any CPU
		{16A722CF-8F36-4AAC-BE52-B4552BE77496}.Debug|Any CPU.Build.0 = Debug|Any CPU
		{16A722CF-8F36-4AAC-BE52-B4552BE77496}.Release|Any CPU.ActiveCfg = Release|Any CPU
		{16A722CF-8F36-4AAC-BE52-B4552BE77496}.Release|Any CPU.Build.0 = Release|Any CPU
		{09368BCB-65F8-4C5B-8A57-DF896BC02FCB}.Debug|Any CPU.ActiveCfg = Debug|Any CPU
		{09368BCB-65F8-4C5B-8A57-DF896BC02FCB}.Debug|Any CPU.Build.0 = Debug|Any CPU
		{09368BCB-65F8-4C5B-8A57-DF896BC02FCB}.Release|Any CPU.ActiveCfg = Release|Any CPU
		{09368BCB-65F8-4C5B-8A57-DF896BC02FCB}.Release|Any CPU.Build.0 = Release|Any CPU
		{FCFE58C8-8203-4D83-9221-2F4774D272C8}.Debug|Any CPU.ActiveCfg = Debug|Any CPU
		{FCFE58C8-8203-4D83-9221-2F4774D272C8}.Debug|Any CPU.Build.0 = Debug|Any CPU
		{FCFE58C8-8203-4D83-9221-2F4774D272C8}.Release|Any CPU.ActiveCfg = Release|Any CPU
		{FCFE58C8-8203-4D83-9221-2F4774D272C8}.Release|Any CPU.Build.0 = Release|Any CPU
		{85F9892D-2BB1-4118-8F6B-91711EE4B5EC}.Debug|Any CPU.ActiveCfg = Debug|Any CPU
		{85F9892D-2BB1-4118-8F6B-91711EE4B5EC}.Debug|Any CPU.Build.0 = Debug|Any CPU
		{85F9892D-2BB1-4118-8F6B-91711EE4B5EC}.Release|Any CPU.ActiveCfg = Release|Any CPU
		{85F9892D-2BB1-4118-8F6B-91711EE4B5EC}.Release|Any CPU.Build.0 = Release|Any CPU
		{7D1B3F32-EC02-4C85-8BAF-192B65A19160}.Debug|Any CPU.ActiveCfg = Debug|Any CPU
		{7D1B3F32-EC02-4C85-8BAF-192B65A19160}.Debug|Any CPU.Build.0 = Debug|Any CPU
		{7D1B3F32-EC02-4C85-8BAF-192B65A19160}.Release|Any CPU.ActiveCfg = Release|Any CPU
		{7D1B3F32-EC02-4C85-8BAF-192B65A19160}.Release|Any CPU.Build.0 = Release|Any CPU
		{03936B33-88C5-4BEA-99EE-FAD2553B4B27}.Debug|Any CPU.ActiveCfg = Debug|Any CPU
		{03936B33-88C5-4BEA-99EE-FAD2553B4B27}.Debug|Any CPU.Build.0 = Debug|Any CPU
		{03936B33-88C5-4BEA-99EE-FAD2553B4B27}.Release|Any CPU.ActiveCfg = Release|Any CPU
		{03936B33-88C5-4BEA-99EE-FAD2553B4B27}.Release|Any CPU.Build.0 = Release|Any CPU
	EndGlobalSection
	GlobalSection(SolutionProperties) = preSolution
		HideSolutionNode = FALSE
	EndGlobalSection
	GlobalSection(NestedProjects) = preSolution
		{474E10CC-F97C-49E7-A872-499DB4DA9B5D} = {8ABA6286-D9A6-4DB3-B1C4-0FD96AAC1510}
		{7F504F0B-B218-423B-8C01-E265FBAE7206} = {8ABA6286-D9A6-4DB3-B1C4-0FD96AAC1510}
		{B50CB3B1-D362-4740-A68E-03F17066BF52} = {8ABA6286-D9A6-4DB3-B1C4-0FD96AAC1510}
		{09213FE3-E2FB-4C02-8CC4-F98D709C1B59} = {474E10CC-F97C-49E7-A872-499DB4DA9B5D}
		{C69A7AD5-D261-44A4-A5D0-00C9A5C59747} = {09213FE3-E2FB-4C02-8CC4-F98D709C1B59}
		{B8C77FEC-A277-4F3A-821A-650AABBC0794} = {474E10CC-F97C-49E7-A872-499DB4DA9B5D}
		{C76FECF5-ADD6-4D74-B0BB-A1F48111D7DE} = {B8C77FEC-A277-4F3A-821A-650AABBC0794}
		{C3A88344-866D-4650-850C-694536502340} = {474E10CC-F97C-49E7-A872-499DB4DA9B5D}
		{C3C335E4-8C10-4B42-B0B1-340AF6F9B750} = {C3A88344-866D-4650-850C-694536502340}
		{496B166C-BADA-4459-921A-CFDFD7F27891} = {7F504F0B-B218-423B-8C01-E265FBAE7206}
		{CACB1C9D-A69C-420D-A619-9F118162D577} = {7F504F0B-B218-423B-8C01-E265FBAE7206}
		{9F4EC9AF-5A3E-4ECF-BCEA-3D081685C51A} = {7F504F0B-B218-423B-8C01-E265FBAE7206}
		{F25D0257-0F2A-4957-B3DE-D1BCF6CE842C} = {474E10CC-F97C-49E7-A872-499DB4DA9B5D}
		{5A484625-F54E-46BD-93AB-A5173B78EC08} = {474E10CC-F97C-49E7-A872-499DB4DA9B5D}
		{64EA7CFF-B5DD-4404-ACF7-76BD678653E8} = {5A484625-F54E-46BD-93AB-A5173B78EC08}
		{16A722CF-8F36-4AAC-BE52-B4552BE77496} = {496B166C-BADA-4459-921A-CFDFD7F27891}
		{09368BCB-65F8-4C5B-8A57-DF896BC02FCB} = {CACB1C9D-A69C-420D-A619-9F118162D577}
		{FCFE58C8-8203-4D83-9221-2F4774D272C8} = {9F4EC9AF-5A3E-4ECF-BCEA-3D081685C51A}
		{E7C28ED2-9025-4C59-AB3B-1313CC3E3E5C} = {B50CB3B1-D362-4740-A68E-03F17066BF52}
		{47F2213E-BAA0-4DDA-A6C3-35C082246362} = {B50CB3B1-D362-4740-A68E-03F17066BF52}
		{C04A3D54-6D0F-45AF-99A9-C53942FACE24} = {B50CB3B1-D362-4740-A68E-03F17066BF52}
		{7D7E8FFA-0989-42C9-8634-B28DF7145A4C} = {B50CB3B1-D362-4740-A68E-03F17066BF52}
		{EB6D3118-A463-4BCE-8916-C5B0BCCD048C} = {B50CB3B1-D362-4740-A68E-03F17066BF52}
		{85F9892D-2BB1-4118-8F6B-91711EE4B5EC} = {E7C28ED2-9025-4C59-AB3B-1313CC3E3E5C}
		{7D1B3F32-EC02-4C85-8BAF-192B65A19160} = {47F2213E-BAA0-4DDA-A6C3-35C082246362}
		{03936B33-88C5-4BEA-99EE-FAD2553B4B27} = {C04A3D54-6D0F-45AF-99A9-C53942FACE24}
		{A80E3F1A-DE07-40C5-9967-F22CDE0FE264} = {7F504F0B-B218-423B-8C01-E265FBAE7206}
		{72B4D8BF-0704-4771-BF63-9CA630FA22C5} = {7F504F0B-B218-423B-8C01-E265FBAE7206}
	EndGlobalSection
	GlobalSection(ExtensibilityGlobals) = postSolution
		SolutionGuid = {ED02B3D8-499C-40C9-AB44-81ECB373F079}
	EndGlobalSection
EndGlobal
